
Microsoft Visual Studio Solution File, Format Version 12.00
# Visual Studio Version 17
VisualStudioVersion = 17.8.34525.116
MinimumVisualStudioVersion = 10.0.40219.1
Project("{FAE04EC0-301F-11D3-BF4B-00C04F79EFBC}") = "jdiazExamenA", "jdiazExamenA.csproj", "{B7513338-0155-45EA-ADA9-1E754845A50B}"
EndProject
Global
	GlobalSection(SolutionConfigurationPlatforms) = preSolution
		Debug|Any CPU = Debug|Any CPU
		Release|Any CPU = Release|Any CPU
	EndGlobalSection
	GlobalSection(ProjectConfigurationPlatforms) = postSolution
		{B7513338-0155-45EA-ADA9-1E754845A50B}.Debug|Any CPU.ActiveCfg = Debug|Any CPU
		{B7513338-0155-45EA-ADA9-1E754845A50B}.Debug|Any CPU.Build.0 = Debug|Any CPU
		{B7513338-0155-45EA-ADA9-1E754845A50B}.Debug|Any CPU.Deploy.0 = Debug|Any CPU
		{B7513338-0155-45EA-ADA9-1E754845A50B}.Release|Any CPU.ActiveCfg = Release|Any CPU
		{B7513338-0155-45EA-ADA9-1E754845A50B}.Release|Any CPU.Build.0 = Release|Any CPU
		{B7513338-0155-45EA-ADA9-1E754845A50B}.Release|Any CPU.Deploy.0 = Release|Any CPU
	EndGlobalSection
	GlobalSection(SolutionProperties) = preSolution
		HideSolutionNode = FALSE
	EndGlobalSection
	GlobalSection(ExtensibilityGlobals) = postSolution
		SolutionGuid = {AF15710C-E1AA-4ABB-B020-22D831BFE258}
	EndGlobalSection
EndGlobal
